{
  "name": "ts-grm-0.0.2-resolve-cycle-repro",
  "version": "1.0.0",
  "lockfileVersion": 3,
  "requires": true,
  "packages": {
    "": {
      "name": "ts-grm-0.0.2-resolve-cycle-repro",
      "version": "1.0.0",
      "license": "ISC",
      "dependencies": {
        "@ts-grm/core": "^0.0.2"
      }
    },
    "node_modules/@standard-schema/spec": {
      "version": "1.1.0",
      "resolved": "https://registry.npmjs.org/@standard-schema/spec/-/spec-1.1.0.tgz",
      "integrity": "sha512-l2aFy5jALhniG5HgqrD6jXLi/rUWrKvqN/qJx6yoJsgKhblVd+iqqU4RCXavm/jPityDo5TCvKMnpjKnOriy0w==",
      "license": "MIT"
    },
    "node_modules/@ts-grm/core": {
      "version": "0.0.2",
      "resolved": "https://registry.npmjs.org/@ts-grm/core/-/core-0.0.2.tgz",
      "integrity": "sha512-NrkvduvGHjESNRIPI4cPINZf0lTAiBXuD75zFFp96MDb9S67bnc6qNffxdWJiyPrwegJqKXx76jeyXkTEoMNxQ==",
      "license": "Apache-2.0",
      "dependencies": {
        "@standard-schema/spec": "^1.1.0"
      }
    }
  }
}
